{
  "requires": true,
  "lockfileVersion": 1,
  "dependencies": {
    "fancy-canvas": {
      "version": "0.2.1",
      "resolved": "https://registry.npmjs.org/fancy-canvas/-/fancy-canvas-0.2.1.tgz",
      "integrity": "sha512-DuN+pTHJUAdgqY+k7zABWwjr3OAC6LasHUZ3UzKLUdGuctGjR5q0jbMqobTWZ7P0R18EtXEHRUXc7zOwpywreQ=="
    },
    "lightweight-charts": {
      "version": "2.0.0",
      "resolved": "https://registry.npmjs.org/lightweight-charts/-/lightweight-charts-2.0.0.tgz",
      "integrity": "sha512-BsyqgtwmiFrwXMTQIGBIVl3vxvWj1GoPWaZ6G8MDSqBChWWP7gNZSLnYt7dzWzBAQVRI/vl0mWeknBeas3DG/w==",
      "requires": {
        "fancy-canvas": "0.2.1"
      }
    }
  }
}
